golang.org/x/crypto v0.0.0-20221005025214-4161e89ecf1b h1:huxqepDufQpLLIRXiVkTvnxrzJlpwmIWAObmcCcUFr0=
golang.org/x/crypto v0.0.0-20221005025214-4161e89ecf1b/go.mod h1:IxCIyHEi3zRg3s0A5j5BB6A9Jmi73HwBIUl50j+osU4=
golang.org/x/sys v0.0.0-20220315194320-039c03cc5b86 h1:A9i04dxx7Cribqbs8jf3FQLogkL/CV2YN7hj9KWJCkc=
golang.org/x/sys v0.0.0-20220315194320-039c03cc5b86/go.mod h1:oPkhp1MJrh7nUepCBck5+mAzfO9JrbApNNgaTdGDITg=
golang.zx2c4.com/wireguard v0.0.0-20220920152132-bb719d3a6e2c h1:Okh6a1xpnJslG9Mn84pId1Mn+Q8cvpo4HCeeFWHo0cA=
golang.zx2c4.com/wireguard v0.0.0-20220920152132-bb719d3a6e2c/go.mod h1:enML0deDxY1ux+B6ANGiwtg0yAJi1rctkTpcHNAVPyg=
